// !$*UTF8*$!
{
	archiveVersion = 1;
	classes = {
	};
	objectVersion = 56;
	objects = {

/* Begin PBXBuildFile section */
		010000000000000000000001 /* ProjectStatsApp.swift in Sources */ = {isa = PBXBuildFile; fileRef = 020000000000000000000001 /* ProjectStatsApp.swift */; };
		010000000000000000000002 /* Shell.swift in Sources */ = {isa = PBXBuildFile; fileRef = 020000000000000000000002 /* Shell.swift */; };
		010000000000000000000003 /* DateExtensions.swift in Sources */ = {isa = PBXBuildFile; fileRef = 020000000000000000000003 /* DateExtensions.swift */; };
		010000000000000000000004 /* URLExtensions.swift in Sources */ = {isa = PBXBuildFile; fileRef = 020000000000000000000004 /* URLExtensions.swift */; };
		010000000000000000000005 /* ReadmeParser.swift in Sources */ = {isa = PBXBuildFile; fileRef = 020000000000000000000005 /* ReadmeParser.swift */; };
		010000000000000000000006 /* Project.swift in Sources */ = {isa = PBXBuildFile; fileRef = 020000000000000000000006 /* Project.swift */; };
		010000000000000000000007 /* Commit.swift in Sources */ = {isa = PBXBuildFile; fileRef = 020000000000000000000007 /* Commit.swift */; };
		010000000000000000000008 /* ActivityStats.swift in Sources */ = {isa = PBXBuildFile; fileRef = 020000000000000000000008 /* ActivityStats.swift */; };
		010000000000000000000009 /* CachedModels.swift in Sources */ = {isa = PBXBuildFile; fileRef = 020000000000000000000009 /* CachedModels.swift */; };
		010000000000000000000010 /* GitService.swift in Sources */ = {isa = PBXBuildFile; fileRef = 020000000000000000000010 /* GitService.swift */; };
		010000000000000000000011 /* LineCounter.swift in Sources */ = {isa = PBXBuildFile; fileRef = 020000000000000000000011 /* LineCounter.swift */; };
		010000000000000000000012 /* ProjectScanner.swift in Sources */ = {isa = PBXBuildFile; fileRef = 020000000000000000000012 /* ProjectScanner.swift */; };
		010000000000000000000013 /* GitHubClient.swift in Sources */ = {isa = PBXBuildFile; fileRef = 020000000000000000000013 /* GitHubClient.swift */; };
		010000000000000000000014 /* DashboardViewModel.swift in Sources */ = {isa = PBXBuildFile; fileRef = 020000000000000000000014 /* DashboardViewModel.swift */; };
		010000000000000000000015 /* ProjectListViewModel.swift in Sources */ = {isa = PBXBuildFile; fileRef = 020000000000000000000015 /* ProjectListViewModel.swift */; };
		010000000000000000000016 /* SettingsViewModel.swift in Sources */ = {isa = PBXBuildFile; fileRef = 020000000000000000000016 /* SettingsViewModel.swift */; };
		010000000000000000000017 /* MenuBarView.swift in Sources */ = {isa = PBXBuildFile; fileRef = 020000000000000000000017 /* MenuBarView.swift */; };
		010000000000000000000018 /* QuickProjectRow.swift in Sources */ = {isa = PBXBuildFile; fileRef = 020000000000000000000018 /* QuickProjectRow.swift */; };
		010000000000000000000019 /* DashboardView.swift in Sources */ = {isa = PBXBuildFile; fileRef = 020000000000000000000019 /* DashboardView.swift */; };
		010000000000000000000020 /* StatsCardsView.swift in Sources */ = {isa = PBXBuildFile; fileRef = 020000000000000000000020 /* StatsCardsView.swift */; };
		010000000000000000000021 /* ActivityHeatMap.swift in Sources */ = {isa = PBXBuildFile; fileRef = 020000000000000000000021 /* ActivityHeatMap.swift */; };
		010000000000000000000022 /* ActivityChart.swift in Sources */ = {isa = PBXBuildFile; fileRef = 020000000000000000000022 /* ActivityChart.swift */; };
		010000000000000000000023 /* ProjectListView.swift in Sources */ = {isa = PBXBuildFile; fileRef = 020000000000000000000023 /* ProjectListView.swift */; };
		010000000000000000000024 /* ProjectRowView.swift in Sources */ = {isa = PBXBuildFile; fileRef = 020000000000000000000024 /* ProjectRowView.swift */; };
		010000000000000000000025 /* ProjectDetailView.swift in Sources */ = {isa = PBXBuildFile; fileRef = 020000000000000000000025 /* ProjectDetailView.swift */; };
		010000000000000000000026 /* ReadmePreview.swift in Sources */ = {isa = PBXBuildFile; fileRef = 020000000000000000000026 /* ReadmePreview.swift */; };
		010000000000000000000027 /* SettingsView.swift in Sources */ = {isa = PBXBuildFile; fileRef = 020000000000000000000027 /* SettingsView.swift */; };
		010000000000000000000028 /* Assets.xcassets in Resources */ = {isa = PBXBuildFile; fileRef = 020000000000000000000028 /* Assets.xcassets */; };
		010000000000000000000029 /* FileBrowserView.swift in Sources */ = {isa = PBXBuildFile; fileRef = 020000000000000000000029 /* FileBrowserView.swift */; };
		010000000000000000000030 /* FileViewerView.swift in Sources */ = {isa = PBXBuildFile; fileRef = 020000000000000000000030 /* FileViewerView.swift */; };
		010000000000000000000031 /* PromptManagerView.swift in Sources */ = {isa = PBXBuildFile; fileRef = 020000000000000000000031 /* PromptManagerView.swift */; };
		010000000000000000000032 /* IDEModeView.swift in Sources */ = {isa = PBXBuildFile; fileRef = 020000000000000000000032 /* IDEModeView.swift */; };
		010000000000000000000033 /* SyncLogView.swift in Sources */ = {isa = PBXBuildFile; fileRef = 020000000000000000000033 /* SyncLogView.swift */; };
		010000000000000000000034 /* GitRepoInfo.swift in Sources */ = {isa = PBXBuildFile; fileRef = 020000000000000000000034 /* GitRepoInfo.swift */; };
		010000000000000000000035 /* GitRepoService.swift in Sources */ = {isa = PBXBuildFile; fileRef = 020000000000000000000035 /* GitRepoService.swift */; };
		010000000000000000000036 /* ProjectGroup.swift in Sources */ = {isa = PBXBuildFile; fileRef = 020000000000000000000036 /* ProjectGroup.swift */; };
		010000000000000000000037 /* ProjectGroupSheet.swift in Sources */ = {isa = PBXBuildFile; fileRef = 020000000000000000000037 /* ProjectGroupSheet.swift */; };
		010000000000000000000038 /* JSONStatsReader.swift in Sources */ = {isa = PBXBuildFile; fileRef = 020000000000000000000038 /* JSONStatsReader.swift */; };
		010000000000000000000039 /* DataMigrationService.swift in Sources */ = {isa = PBXBuildFile; fileRef = 020000000000000000000039 /* DataMigrationService.swift */; };
		010000000000000000000040 /* AppTab.swift in Sources */ = {isa = PBXBuildFile; fileRef = 020000000000000000000040 /* AppTab.swift */; };
		010000000000000000000041 /* TabManagerViewModel.swift in Sources */ = {isa = PBXBuildFile; fileRef = 020000000000000000000041 /* TabManagerViewModel.swift */; };
		010000000000000000000042 /* TabBarView.swift in Sources */ = {isa = PBXBuildFile; fileRef = 020000000000000000000042 /* TabBarView.swift */; };
		010000000000000000000043 /* ProjectPickerView.swift in Sources */ = {isa = PBXBuildFile; fileRef = 020000000000000000000043 /* ProjectPickerView.swift */; };
		010000000000000000000044 /* HomeView.swift in Sources */ = {isa = PBXBuildFile; fileRef = 020000000000000000000044 /* HomeView.swift */; };
		010000000000000000000045 /* WorkspaceView.swift in Sources */ = {isa = PBXBuildFile; fileRef = 020000000000000000000045 /* WorkspaceView.swift */; };
		010000000000000000000046 /* TabShellView.swift in Sources */ = {isa = PBXBuildFile; fileRef = 020000000000000000000046 /* TabShellView.swift */; };
		010000000000000000000047 /* TerminalPanelView.swift in Sources */ = {isa = PBXBuildFile; fileRef = 020000000000000000000047 /* TerminalPanelView.swift */; };
		010000000000000000000049 /* EnvironmentVariable.swift in Sources */ = {isa = PBXBuildFile; fileRef = 020000000000000000000049 /* EnvironmentVariable.swift */; };
		010000000000000000000050 /* KeychainService.swift in Sources */ = {isa = PBXBuildFile; fileRef = 020000000000000000000050 /* KeychainService.swift */; };
		010000000000000000000051 /* EnvFileService.swift in Sources */ = {isa = PBXBuildFile; fileRef = 020000000000000000000051 /* EnvFileService.swift */; };
		010000000000000000000052 /* EnvironmentViewModel.swift in Sources */ = {isa = PBXBuildFile; fileRef = 020000000000000000000052 /* EnvironmentViewModel.swift */; };
		010000000000000000000053 /* EnvironmentManagerView.swift in Sources */ = {isa = PBXBuildFile; fileRef = 020000000000000000000053 /* EnvironmentManagerView.swift */; };
		010000000000000000000054 /* EnvironmentVariableRow.swift in Sources */ = {isa = PBXBuildFile; fileRef = 020000000000000000000054 /* EnvironmentVariableRow.swift */; };
		010000000000000000000055 /* TerminalOutputMonitor.swift in Sources */ = {isa = PBXBuildFile; fileRef = 020000000000000000000055 /* TerminalOutputMonitor.swift */; };
		010000000000000000000056 /* StringExtensions.swift in Sources */ = {isa = PBXBuildFile; fileRef = 020000000000000000000056 /* StringExtensions.swift */; };
		010000000000000000000048 /* SwiftTerm in Frameworks */ = {isa = PBXBuildFile; productRef = 0C0000000000000000000001 /* SwiftTerm */; };
		010000000000000000000057 /* Achievement.swift in Sources */ = {isa = PBXBuildFile; fileRef = 020000000000000000000057 /* Achievement.swift */; };
		010000000000000000000058 /* ChatMessage.swift in Sources */ = {isa = PBXBuildFile; fileRef = 020000000000000000000058 /* ChatMessage.swift */; };
		010000000000000000000059 /* ProjectNote.swift in Sources */ = {isa = PBXBuildFile; fileRef = 020000000000000000000059 /* ProjectNote.swift */; };
		010000000000000000000060 /* ProjectTemplate.swift in Sources */ = {isa = PBXBuildFile; fileRef = 020000000000000000000060 /* ProjectTemplate.swift */; };
		010000000000000000000061 /* SecretMatch.swift in Sources */ = {isa = PBXBuildFile; fileRef = 020000000000000000000061 /* SecretMatch.swift */; };
		010000000000000000000062 /* TimeEntry.swift in Sources */ = {isa = PBXBuildFile; fileRef = 020000000000000000000062 /* TimeEntry.swift */; };
		010000000000000000000063 /* AIService.swift in Sources */ = {isa = PBXBuildFile; fileRef = 020000000000000000000063 /* AIService.swift */; };
		010000000000000000000064 /* AchievementService.swift in Sources */ = {isa = PBXBuildFile; fileRef = 020000000000000000000064 /* AchievementService.swift */; };
		010000000000000000000065 /* ClaudeContextMonitor.swift in Sources */ = {isa = PBXBuildFile; fileRef = 020000000000000000000065 /* ClaudeContextMonitor.swift */; };
		010000000000000000000066 /* ClaudePlanUsageService.swift in Sources */ = {isa = PBXBuildFile; fileRef = 020000000000000000000066 /* ClaudePlanUsageService.swift */; };
		010000000000000000000067 /* CloudSyncService.swift in Sources */ = {isa = PBXBuildFile; fileRef = 020000000000000000000067 /* CloudSyncService.swift */; };
		010000000000000000000068 /* CodeVectorDB.swift in Sources */ = {isa = PBXBuildFile; fileRef = 020000000000000000000068 /* CodeVectorDB.swift */; };
		010000000000000000000069 /* DiscordProvider.swift in Sources */ = {isa = PBXBuildFile; fileRef = 020000000000000000000069 /* DiscordProvider.swift */; };
		010000000000000000000070 /* ErrorDetector.swift in Sources */ = {isa = PBXBuildFile; fileRef = 020000000000000000000070 /* ErrorDetector.swift */; };
		010000000000000000000071 /* FeatureFlags.swift in Sources */ = {isa = PBXBuildFile; fileRef = 020000000000000000000071 /* FeatureFlags.swift */; };
		010000000000000000000072 /* GitHubService.swift in Sources */ = {isa = PBXBuildFile; fileRef = 020000000000000000000072 /* GitHubService.swift */; };
		010000000000000000000073 /* MessagingService.swift in Sources */ = {isa = PBXBuildFile; fileRef = 020000000000000000000073 /* MessagingService.swift */; };
		010000000000000000000074 /* NotificationService.swift in Sources */ = {isa = PBXBuildFile; fileRef = 020000000000000000000074 /* NotificationService.swift */; };
		010000000000000000000075 /* NtfyProvider.swift in Sources */ = {isa = PBXBuildFile; fileRef = 020000000000000000000075 /* NtfyProvider.swift */; };
		010000000000000000000076 /* ReportGenerator.swift in Sources */ = {isa = PBXBuildFile; fileRef = 020000000000000000000076 /* ReportGenerator.swift */; };
		010000000000000000000077 /* SecretsScanner.swift in Sources */ = {isa = PBXBuildFile; fileRef = 020000000000000000000077 /* SecretsScanner.swift */; };
		010000000000000000000078 /* SlackProvider.swift in Sources */ = {isa = PBXBuildFile; fileRef = 020000000000000000000078 /* SlackProvider.swift */; };
		010000000000000000000079 /* StoreKitManager.swift in Sources */ = {isa = PBXBuildFile; fileRef = 020000000000000000000079 /* StoreKitManager.swift */; };
		010000000000000000000080 /* TelegramProvider.swift in Sources */ = {isa = PBXBuildFile; fileRef = 020000000000000000000080 /* TelegramProvider.swift */; };
		010000000000000000000081 /* TimeTrackingService.swift in Sources */ = {isa = PBXBuildFile; fileRef = 020000000000000000000081 /* TimeTrackingService.swift */; };
		010000000000000000000082 /* VoiceNoteRecorder.swift in Sources */ = {isa = PBXBuildFile; fileRef = 020000000000000000000082 /* VoiceNoteRecorder.swift */; };
		010000000000000000000083 /* NotificationNames.swift in Sources */ = {isa = PBXBuildFile; fileRef = 020000000000000000000083 /* NotificationNames.swift */; };
		010000000000000000000084 /* GitControlsViewModel.swift in Sources */ = {isa = PBXBuildFile; fileRef = 020000000000000000000084 /* GitControlsViewModel.swift */; };
		010000000000000000000085 /* TerminalTabsViewModel.swift in Sources */ = {isa = PBXBuildFile; fileRef = 020000000000000000000085 /* TerminalTabsViewModel.swift */; };
		010000000000000000000086 /* AchievementBanner.swift in Sources */ = {isa = PBXBuildFile; fileRef = 020000000000000000000086 /* AchievementBanner.swift */; };
		010000000000000000000087 /* AchievementsDashboard.swift in Sources */ = {isa = PBXBuildFile; fileRef = 020000000000000000000087 /* AchievementsDashboard.swift */; };
		010000000000000000000088 /* ShareCardView.swift in Sources */ = {isa = PBXBuildFile; fileRef = 020000000000000000000088 /* ShareCardView.swift */; };
		010000000000000000000089 /* ClaudeConfigSheet.swift in Sources */ = {isa = PBXBuildFile; fileRef = 020000000000000000000089 /* ClaudeConfigSheet.swift */; };
		010000000000000000000090 /* CommandPaletteView.swift in Sources */ = {isa = PBXBuildFile; fileRef = 020000000000000000000090 /* CommandPaletteView.swift */; };
		010000000000000000000091 /* ProBadge.swift in Sources */ = {isa = PBXBuildFile; fileRef = 020000000000000000000091 /* ProBadge.swift */; };
		010000000000000000000092 /* ClaudeUsageCard.swift in Sources */ = {isa = PBXBuildFile; fileRef = 020000000000000000000092 /* ClaudeUsageCard.swift */; };
		010000000000000000000093 /* GitHubNotificationsCard.swift in Sources */ = {isa = PBXBuildFile; fileRef = 020000000000000000000093 /* GitHubNotificationsCard.swift */; };
		010000000000000000000094 /* TimeTrackingCard.swift in Sources */ = {isa = PBXBuildFile; fileRef = 020000000000000000000094 /* TimeTrackingCard.swift */; };
		010000000000000000000095 /* FocusModeView.swift in Sources */ = {isa = PBXBuildFile; fileRef = 020000000000000000000095 /* FocusModeView.swift */; };
		010000000000000000000096 /* CommitDialog.swift in Sources */ = {isa = PBXBuildFile; fileRef = 020000000000000000000096 /* CommitDialog.swift */; };
		010000000000000000000097 /* GitControlsView.swift in Sources */ = {isa = PBXBuildFile; fileRef = 020000000000000000000097 /* GitControlsView.swift */; };
		010000000000000000000098 /* ContextUsageBar.swift in Sources */ = {isa = PBXBuildFile; fileRef = 020000000000000000000098 /* ContextUsageBar.swift */; };
		010000000000000000000099 /* DevServerTab.swift in Sources */ = {isa = PBXBuildFile; fileRef = 020000000000000000000099 /* DevServerTab.swift */; };
		010000000000000000000100 /* RunningServersPopover.swift in Sources */ = {isa = PBXBuildFile; fileRef = 020000000000000000000100 /* RunningServersPopover.swift */; };
		010000000000000000000101 /* TerminalTabBar.swift in Sources */ = {isa = PBXBuildFile; fileRef = 020000000000000000000101 /* TerminalTabBar.swift */; };
		010000000000000000000102 /* TerminalTabView.swift in Sources */ = {isa = PBXBuildFile; fileRef = 020000000000000000000102 /* TerminalTabView.swift */; };
		010000000000000000000103 /* ScratchPadView.swift in Sources */ = {isa = PBXBuildFile; fileRef = 020000000000000000000103 /* ScratchPadView.swift */; };
		010000000000000000000104 /* VoiceNoteView.swift in Sources */ = {isa = PBXBuildFile; fileRef = 020000000000000000000104 /* VoiceNoteView.swift */; };
		010000000000000000000105 /* ReportGeneratorView.swift in Sources */ = {isa = PBXBuildFile; fileRef = 020000000000000000000105 /* ReportGeneratorView.swift */; };
		010000000000000000000106 /* ReportPreviewView.swift in Sources */ = {isa = PBXBuildFile; fileRef = 020000000000000000000106 /* ReportPreviewView.swift */; };
		010000000000000000000107 /* HygieneReportView.swift in Sources */ = {isa = PBXBuildFile; fileRef = 020000000000000000000107 /* HygieneReportView.swift */; };
		010000000000000000000108 /* SecretsWarningView.swift in Sources */ = {isa = PBXBuildFile; fileRef = 020000000000000000000108 /* SecretsWarningView.swift */; };
		010000000000000000000109 /* AISettings.swift in Sources */ = {isa = PBXBuildFile; fileRef = 020000000000000000000109 /* AISettings.swift */; };
		010000000000000000000110 /* AccountView.swift in Sources */ = {isa = PBXBuildFile; fileRef = 020000000000000000000110 /* AccountView.swift */; };
		010000000000000000000111 /* CloudSyncSettings.swift in Sources */ = {isa = PBXBuildFile; fileRef = 020000000000000000000111 /* CloudSyncSettings.swift */; };
		010000000000000000000112 /* DataManagementView.swift in Sources */ = {isa = PBXBuildFile; fileRef = 020000000000000000000112 /* DataManagementView.swift */; };
		010000000000000000000113 /* MessagingSettings.swift in Sources */ = {isa = PBXBuildFile; fileRef = 020000000000000000000113 /* MessagingSettings.swift */; };
		010000000000000000000114 /* NotificationSettings.swift in Sources */ = {isa = PBXBuildFile; fileRef = 020000000000000000000114 /* NotificationSettings.swift */; };
		010000000000000000000115 /* SubscriptionView.swift in Sources */ = {isa = PBXBuildFile; fileRef = 020000000000000000000115 /* SubscriptionView.swift */; };
		010000000000000000000116 /* NewProjectWizard.swift in Sources */ = {isa = PBXBuildFile; fileRef = 020000000000000000000116 /* NewProjectWizard.swift */; };
		010000000000000000000117 /* AchievementsSheet.swift in Sources */ = {isa = PBXBuildFile; fileRef = 020000000000000000000117 /* AchievementsSheet.swift */; };
		010000000000000000000118 /* SavedPrompt.swift in Sources */ = {isa = PBXBuildFile; fileRef = 020000000000000000000118 /* SavedPrompt.swift */; };
		010000000000000000000119 /* PromptImportService.swift in Sources */ = {isa = PBXBuildFile; fileRef = 020000000000000000000119 /* PromptImportService.swift */; };
		010000000000000000000120 /* SavedDiff.swift in Sources */ = {isa = PBXBuildFile; fileRef = 020000000000000000000120 /* SavedDiff.swift */; };
		010000000000000000000121 /* DiffManagerView.swift in Sources */ = {isa = PBXBuildFile; fileRef = 020000000000000000000121 /* DiffManagerView.swift */; };
		010000000000000000000122 /* DataCleanupService.swift in Sources */ = {isa = PBXBuildFile; fileRef = 020000000000000000000122 /* DataCleanupService.swift */; };
		010000000000000000000123 /* ClaudeUsageSnapshot.swift in Sources */ = {isa = PBXBuildFile; fileRef = 020000000000000000000123 /* ClaudeUsageSnapshot.swift */; };
		010000000000000000000124 /* ClaudeUsageService.swift in Sources */ = {isa = PBXBuildFile; fileRef = 020000000000000000000124 /* ClaudeUsageService.swift */; };
		010000000000000000000125 /* ClaudeTokenUsageCard.swift in Sources */ = {isa = PBXBuildFile; fileRef = 020000000000000000000125 /* ClaudeTokenUsageCard.swift */; };
		010000000000000000000126 /* BackupService.swift in Sources */ = {isa = PBXBuildFile; fileRef = 020000000000000000000126 /* BackupService.swift */; };
		010000000000000000000127 /* SecretsWarningSheet.swift in Sources */ = {isa = PBXBuildFile; fileRef = 020000000000000000000127 /* SecretsWarningSheet.swift */; };
		010000000000000000000128 /* BranchService.swift in Sources */ = {isa = PBXBuildFile; fileRef = 020000000000000000000128 /* BranchService.swift */; };
		010000000000000000000129 /* CreateBranchSheet.swift in Sources */ = {isa = PBXBuildFile; fileRef = 020000000000000000000129 /* CreateBranchSheet.swift */; };
		010000000000000000000130 /* ClaudePlanUsageSnapshot.swift in Sources */ = {isa = PBXBuildFile; fileRef = 020000000000000000000130 /* ClaudePlanUsageSnapshot.swift */; };
		010000000000000000000131 /* ClaudeUsageSettingsView.swift in Sources */ = {isa = PBXBuildFile; fileRef = 020000000000000000000131 /* ClaudeUsageSettingsView.swift */; };
		010000000000000000000132 /* TTSService.swift in Sources */ = {isa = PBXBuildFile; fileRef = 020000000000000000000132 /* TTSService.swift */; };
		010000000000000000000133 /* ListenButton.swift in Sources */ = {isa = PBXBuildFile; fileRef = 020000000000000000000133 /* ListenButton.swift */; };
		010000000000000000000134 /* ProjectArchiveService.swift in Sources */ = {isa = PBXBuildFile; fileRef = 020000000000000000000134 /* ProjectArchiveService.swift */; };
		010000000000000000000135 /* SessionSummaryService.swift in Sources */ = {isa = PBXBuildFile; fileRef = 020000000000000000000135 /* SessionSummaryService.swift */; };
		010000000000000000000136 /* SessionSummaryView.swift in Sources */ = {isa = PBXBuildFile; fileRef = 020000000000000000000136 /* SessionSummaryView.swift */; };
		010000000000000000000137 /* DBv2Models.swift in Sources */ = {isa = PBXBuildFile; fileRef = 020000000000000000000137 /* DBv2Models.swift */; };
		010000000000000000000138 /* DBv2MigrationService.swift in Sources */ = {isa = PBXBuildFile; fileRef = 020000000000000000000138 /* DBv2MigrationService.swift */; };
/* End PBXBuildFile section */

/* Begin PBXFileReference section */
		020000000000000000000001 /* ProjectStatsApp.swift */ = {isa = PBXFileReference; lastKnownFileType = sourcecode.swift; path = ProjectStatsApp.swift; sourceTree = "<group>"; };
		020000000000000000000002 /* Shell.swift */ = {isa = PBXFileReference; lastKnownFileType = sourcecode.swift; path = Shell.swift; sourceTree = "<group>"; };
		020000000000000000000003 /* DateExtensions.swift */ = {isa = PBXFileReference; lastKnownFileType = sourcecode.swift; path = DateExtensions.swift; sourceTree = "<group>"; };
		020000000000000000000004 /* URLExtensions.swift */ = {isa = PBXFileReference; lastKnownFileType = sourcecode.swift; path = URLExtensions.swift; sourceTree = "<group>"; };
		020000000000000000000005 /* ReadmeParser.swift */ = {isa = PBXFileReference; lastKnownFileType = sourcecode.swift; path = ReadmeParser.swift; sourceTree = "<group>"; };
		020000000000000000000006 /* Project.swift */ = {isa = PBXFileReference; lastKnownFileType = sourcecode.swift; path = Project.swift; sourceTree = "<group>"; };
		020000000000000000000007 /* Commit.swift */ = {isa = PBXFileReference; lastKnownFileType = sourcecode.swift; path = Commit.swift; sourceTree = "<group>"; };
		020000000000000000000008 /* ActivityStats.swift */ = {isa = PBXFileReference; lastKnownFileType = sourcecode.swift; path = ActivityStats.swift; sourceTree = "<group>"; };
		020000000000000000000009 /* CachedModels.swift */ = {isa = PBXFileReference; lastKnownFileType = sourcecode.swift; path = CachedModels.swift; sourceTree = "<group>"; };
		020000000000000000000010 /* GitService.swift */ = {isa = PBXFileReference; lastKnownFileType = sourcecode.swift; path = GitService.swift; sourceTree = "<group>"; };
		020000000000000000000011 /* LineCounter.swift */ = {isa = PBXFileReference; lastKnownFileType = sourcecode.swift; path = LineCounter.swift; sourceTree = "<group>"; };
		020000000000000000000012 /* ProjectScanner.swift */ = {isa = PBXFileReference; lastKnownFileType = sourcecode.swift; path = ProjectScanner.swift; sourceTree = "<group>"; };
		020000000000000000000013 /* GitHubClient.swift */ = {isa = PBXFileReference; lastKnownFileType = sourcecode.swift; path = GitHubClient.swift; sourceTree = "<group>"; };
		020000000000000000000014 /* DashboardViewModel.swift */ = {isa = PBXFileReference; lastKnownFileType = sourcecode.swift; path = DashboardViewModel.swift; sourceTree = "<group>"; };
		020000000000000000000015 /* ProjectListViewModel.swift */ = {isa = PBXFileReference; lastKnownFileType = sourcecode.swift; path = ProjectListViewModel.swift; sourceTree = "<group>"; };
		020000000000000000000016 /* SettingsViewModel.swift */ = {isa = PBXFileReference; lastKnownFileType = sourcecode.swift; path = SettingsViewModel.swift; sourceTree = "<group>"; };
		020000000000000000000017 /* MenuBarView.swift */ = {isa = PBXFileReference; lastKnownFileType = sourcecode.swift; path = MenuBarView.swift; sourceTree = "<group>"; };
		020000000000000000000018 /* QuickProjectRow.swift */ = {isa = PBXFileReference; lastKnownFileType = sourcecode.swift; path = QuickProjectRow.swift; sourceTree = "<group>"; };
		020000000000000000000019 /* DashboardView.swift */ = {isa = PBXFileReference; lastKnownFileType = sourcecode.swift; path = DashboardView.swift; sourceTree = "<group>"; };
		020000000000000000000020 /* StatsCardsView.swift */ = {isa = PBXFileReference; lastKnownFileType = sourcecode.swift; path = StatsCardsView.swift; sourceTree = "<group>"; };
		020000000000000000000021 /* ActivityHeatMap.swift */ = {isa = PBXFileReference; lastKnownFileType = sourcecode.swift; path = ActivityHeatMap.swift; sourceTree = "<group>"; };
		020000000000000000000022 /* ActivityChart.swift */ = {isa = PBXFileReference; lastKnownFileType = sourcecode.swift; path = ActivityChart.swift; sourceTree = "<group>"; };
		020000000000000000000023 /* ProjectListView.swift */ = {isa = PBXFileReference; lastKnownFileType = sourcecode.swift; path = ProjectListView.swift; sourceTree = "<group>"; };
		020000000000000000000024 /* ProjectRowView.swift */ = {isa = PBXFileReference; lastKnownFileType = sourcecode.swift; path = ProjectRowView.swift; sourceTree = "<group>"; };
		020000000000000000000025 /* ProjectDetailView.swift */ = {isa = PBXFileReference; lastKnownFileType = sourcecode.swift; path = ProjectDetailView.swift; sourceTree = "<group>"; };
		020000000000000000000026 /* ReadmePreview.swift */ = {isa = PBXFileReference; lastKnownFileType = sourcecode.swift; path = ReadmePreview.swift; sourceTree = "<group>"; };
		020000000000000000000027 /* SettingsView.swift */ = {isa = PBXFileReference; lastKnownFileType = sourcecode.swift; path = SettingsView.swift; sourceTree = "<group>"; };
		020000000000000000000028 /* Assets.xcassets */ = {isa = PBXFileReference; lastKnownFileType = folder.assetcatalog; path = Assets.xcassets; sourceTree = "<group>"; };
		020000000000000000000029 /* FileBrowserView.swift */ = {isa = PBXFileReference; lastKnownFileType = sourcecode.swift; path = FileBrowserView.swift; sourceTree = "<group>"; };
		020000000000000000000030 /* FileViewerView.swift */ = {isa = PBXFileReference; lastKnownFileType = sourcecode.swift; path = FileViewerView.swift; sourceTree = "<group>"; };
		020000000000000000000031 /* PromptManagerView.swift */ = {isa = PBXFileReference; lastKnownFileType = sourcecode.swift; path = PromptManagerView.swift; sourceTree = "<group>"; };
		020000000000000000000032 /* IDEModeView.swift */ = {isa = PBXFileReference; lastKnownFileType = sourcecode.swift; path = IDEModeView.swift; sourceTree = "<group>"; };
		020000000000000000000033 /* SyncLogView.swift */ = {isa = PBXFileReference; lastKnownFileType = sourcecode.swift; path = SyncLogView.swift; sourceTree = "<group>"; };
		020000000000000000000034 /* GitRepoInfo.swift */ = {isa = PBXFileReference; lastKnownFileType = sourcecode.swift; path = GitRepoInfo.swift; sourceTree = "<group>"; };
		020000000000000000000035 /* GitRepoService.swift */ = {isa = PBXFileReference; lastKnownFileType = sourcecode.swift; path = GitRepoService.swift; sourceTree = "<group>"; };
		020000000000000000000036 /* ProjectGroup.swift */ = {isa = PBXFileReference; lastKnownFileType = sourcecode.swift; path = ProjectGroup.swift; sourceTree = "<group>"; };
		020000000000000000000037 /* ProjectGroupSheet.swift */ = {isa = PBXFileReference; lastKnownFileType = sourcecode.swift; path = ProjectGroupSheet.swift; sourceTree = "<group>"; };
		020000000000000000000038 /* JSONStatsReader.swift */ = {isa = PBXFileReference; lastKnownFileType = sourcecode.swift; path = JSONStatsReader.swift; sourceTree = "<group>"; };
		020000000000000000000039 /* DataMigrationService.swift */ = {isa = PBXFileReference; lastKnownFileType = sourcecode.swift; path = DataMigrationService.swift; sourceTree = "<group>"; };
		020000000000000000000040 /* AppTab.swift */ = {isa = PBXFileReference; lastKnownFileType = sourcecode.swift; path = AppTab.swift; sourceTree = "<group>"; };
		020000000000000000000041 /* TabManagerViewModel.swift */ = {isa = PBXFileReference; lastKnownFileType = sourcecode.swift; path = TabManagerViewModel.swift; sourceTree = "<group>"; };
		020000000000000000000042 /* TabBarView.swift */ = {isa = PBXFileReference; lastKnownFileType = sourcecode.swift; path = TabBarView.swift; sourceTree = "<group>"; };
		020000000000000000000043 /* ProjectPickerView.swift */ = {isa = PBXFileReference; lastKnownFileType = sourcecode.swift; path = ProjectPickerView.swift; sourceTree = "<group>"; };
		020000000000000000000044 /* HomeView.swift */ = {isa = PBXFileReference; lastKnownFileType = sourcecode.swift; path = HomeView.swift; sourceTree = "<group>"; };
		020000000000000000000045 /* WorkspaceView.swift */ = {isa = PBXFileReference; lastKnownFileType = sourcecode.swift; path = WorkspaceView.swift; sourceTree = "<group>"; };
		020000000000000000000046 /* TabShellView.swift */ = {isa = PBXFileReference; lastKnownFileType = sourcecode.swift; path = TabShellView.swift; sourceTree = "<group>"; };
		020000000000000000000047 /* TerminalPanelView.swift */ = {isa = PBXFileReference; lastKnownFileType = sourcecode.swift; path = TerminalPanelView.swift; sourceTree = "<group>"; };
		020000000000000000000049 /* EnvironmentVariable.swift */ = {isa = PBXFileReference; lastKnownFileType = sourcecode.swift; path = EnvironmentVariable.swift; sourceTree = "<group>"; };
		020000000000000000000050 /* KeychainService.swift */ = {isa = PBXFileReference; lastKnownFileType = sourcecode.swift; path = KeychainService.swift; sourceTree = "<group>"; };
		020000000000000000000051 /* EnvFileService.swift */ = {isa = PBXFileReference; lastKnownFileType = sourcecode.swift; path = EnvFileService.swift; sourceTree = "<group>"; };
		020000000000000000000052 /* EnvironmentViewModel.swift */ = {isa = PBXFileReference; lastKnownFileType = sourcecode.swift; path = EnvironmentViewModel.swift; sourceTree = "<group>"; };
		020000000000000000000053 /* EnvironmentManagerView.swift */ = {isa = PBXFileReference; lastKnownFileType = sourcecode.swift; path = EnvironmentManagerView.swift; sourceTree = "<group>"; };
		020000000000000000000054 /* EnvironmentVariableRow.swift */ = {isa = PBXFileReference; lastKnownFileType = sourcecode.swift; path = EnvironmentVariableRow.swift; sourceTree = "<group>"; };
		020000000000000000000055 /* TerminalOutputMonitor.swift */ = {isa = PBXFileReference; lastKnownFileType = sourcecode.swift; path = TerminalOutputMonitor.swift; sourceTree = "<group>"; };
		020000000000000000000056 /* StringExtensions.swift */ = {isa = PBXFileReference; lastKnownFileType = sourcecode.swift; path = StringExtensions.swift; sourceTree = "<group>"; };
		030000000000000000000001 /* projectStats.app */ = {isa = PBXFileReference; explicitFileType = wrapper.application; includeInIndex = 0; path = projectStats.app; sourceTree = BUILT_PRODUCTS_DIR; };
		030000000000000000000002 /* projectStats.entitlements */ = {isa = PBXFileReference; lastKnownFileType = text.plist.entitlements; path = projectStats.entitlements; sourceTree = "<group>"; };
		020000000000000000000057 /* Achievement.swift */ = {isa = PBXFileReference; lastKnownFileType = sourcecode.swift; path = projectStats/Models/Achievement.swift; sourceTree = "<group>"; };
		020000000000000000000058 /* ChatMessage.swift */ = {isa = PBXFileReference; lastKnownFileType = sourcecode.swift; path = projectStats/Models/ChatMessage.swift; sourceTree = "<group>"; };
		020000000000000000000059 /* ProjectNote.swift */ = {isa = PBXFileReference; lastKnownFileType = sourcecode.swift; path = projectStats/Models/ProjectNote.swift; sourceTree = "<group>"; };
		020000000000000000000060 /* ProjectTemplate.swift */ = {isa = PBXFileReference; lastKnownFileType = sourcecode.swift; path = projectStats/Models/ProjectTemplate.swift; sourceTree = "<group>"; };
		020000000000000000000061 /* SecretMatch.swift */ = {isa = PBXFileReference; lastKnownFileType = sourcecode.swift; path = projectStats/Models/SecretMatch.swift; sourceTree = "<group>"; };
		020000000000000000000062 /* TimeEntry.swift */ = {isa = PBXFileReference; lastKnownFileType = sourcecode.swift; path = projectStats/Models/TimeEntry.swift; sourceTree = "<group>"; };
		020000000000000000000063 /* AIService.swift */ = {isa = PBXFileReference; lastKnownFileType = sourcecode.swift; path = projectStats/Services/AIService.swift; sourceTree = "<group>"; };
		020000000000000000000064 /* AchievementService.swift */ = {isa = PBXFileReference; lastKnownFileType = sourcecode.swift; path = projectStats/Services/AchievementService.swift; sourceTree = "<group>"; };
		020000000000000000000065 /* ClaudeContextMonitor.swift */ = {isa = PBXFileReference; lastKnownFileType = sourcecode.swift; path = projectStats/Services/ClaudeContextMonitor.swift; sourceTree = "<group>"; };
		020000000000000000000066 /* ClaudePlanUsageService.swift */ = {isa = PBXFileReference; lastKnownFileType = sourcecode.swift; path = projectStats/Services/ClaudePlanUsageService.swift; sourceTree = "<group>"; };
		020000000000000000000067 /* CloudSyncService.swift */ = {isa = PBXFileReference; lastKnownFileType = sourcecode.swift; path = projectStats/Services/CloudSyncService.swift; sourceTree = "<group>"; };
		020000000000000000000068 /* CodeVectorDB.swift */ = {isa = PBXFileReference; lastKnownFileType = sourcecode.swift; path = projectStats/Services/CodeVectorDB.swift; sourceTree = "<group>"; };
		020000000000000000000069 /* DiscordProvider.swift */ = {isa = PBXFileReference; lastKnownFileType = sourcecode.swift; path = projectStats/Services/DiscordProvider.swift; sourceTree = "<group>"; };
		020000000000000000000070 /* ErrorDetector.swift */ = {isa = PBXFileReference; lastKnownFileType = sourcecode.swift; path = projectStats/Services/ErrorDetector.swift; sourceTree = "<group>"; };
		020000000000000000000071 /* FeatureFlags.swift */ = {isa = PBXFileReference; lastKnownFileType = sourcecode.swift; path = projectStats/Services/FeatureFlags.swift; sourceTree = "<group>"; };
		020000000000000000000072 /* GitHubService.swift */ = {isa = PBXFileReference; lastKnownFileType = sourcecode.swift; path = projectStats/Services/GitHubService.swift; sourceTree = "<group>"; };
		020000000000000000000073 /* MessagingService.swift */ = {isa = PBXFileReference; lastKnownFileType = sourcecode.swift; path = projectStats/Services/MessagingService.swift; sourceTree = "<group>"; };
		020000000000000000000074 /* NotificationService.swift */ = {isa = PBXFileReference; lastKnownFileType = sourcecode.swift; path = projectStats/Services/NotificationService.swift; sourceTree = "<group>"; };
		020000000000000000000075 /* NtfyProvider.swift */ = {isa = PBXFileReference; lastKnownFileType = sourcecode.swift; path = projectStats/Services/NtfyProvider.swift; sourceTree = "<group>"; };
		020000000000000000000076 /* ReportGenerator.swift */ = {isa = PBXFileReference; lastKnownFileType = sourcecode.swift; path = projectStats/Services/ReportGenerator.swift; sourceTree = "<group>"; };
		020000000000000000000077 /* SecretsScanner.swift */ = {isa = PBXFileReference; lastKnownFileType = sourcecode.swift; path = projectStats/Services/SecretsScanner.swift; sourceTree = "<group>"; };
		020000000000000000000078 /* SlackProvider.swift */ = {isa = PBXFileReference; lastKnownFileType = sourcecode.swift; path = projectStats/Services/SlackProvider.swift; sourceTree = "<group>"; };
		020000000000000000000079 /* StoreKitManager.swift */ = {isa = PBXFileReference; lastKnownFileType = sourcecode.swift; path = projectStats/Services/StoreKitManager.swift; sourceTree = "<group>"; };
		020000000000000000000080 /* TelegramProvider.swift */ = {isa = PBXFileReference; lastKnownFileType = sourcecode.swift; path = projectStats/Services/TelegramProvider.swift; sourceTree = "<group>"; };
		020000000000000000000081 /* TimeTrackingService.swift */ = {isa = PBXFileReference; lastKnownFileType = sourcecode.swift; path = projectStats/Services/TimeTrackingService.swift; sourceTree = "<group>"; };
		020000000000000000000082 /* VoiceNoteRecorder.swift */ = {isa = PBXFileReference; lastKnownFileType = sourcecode.swift; path = projectStats/Services/VoiceNoteRecorder.swift; sourceTree = "<group>"; };
		020000000000000000000083 /* NotificationNames.swift */ = {isa = PBXFileReference; lastKnownFileType = sourcecode.swift; path = projectStats/Utilities/NotificationNames.swift; sourceTree = "<group>"; };
		020000000000000000000084 /* GitControlsViewModel.swift */ = {isa = PBXFileReference; lastKnownFileType = sourcecode.swift; path = projectStats/ViewModels/GitControlsViewModel.swift; sourceTree = "<group>"; };
		020000000000000000000085 /* TerminalTabsViewModel.swift */ = {isa = PBXFileReference; lastKnownFileType = sourcecode.swift; path = projectStats/ViewModels/TerminalTabsViewModel.swift; sourceTree = "<group>"; };
		020000000000000000000086 /* AchievementBanner.swift */ = {isa = PBXFileReference; lastKnownFileType = sourcecode.swift; path = projectStats/Views/Achievements/AchievementBanner.swift; sourceTree = "<group>"; };
		020000000000000000000087 /* AchievementsDashboard.swift */ = {isa = PBXFileReference; lastKnownFileType = sourcecode.swift; path = projectStats/Views/Achievements/AchievementsDashboard.swift; sourceTree = "<group>"; };
		020000000000000000000088 /* ShareCardView.swift */ = {isa = PBXFileReference; lastKnownFileType = sourcecode.swift; path = projectStats/Views/Achievements/ShareCardView.swift; sourceTree = "<group>"; };
		020000000000000000000089 /* ClaudeConfigSheet.swift */ = {isa = PBXFileReference; lastKnownFileType = sourcecode.swift; path = projectStats/Views/Claude/ClaudeConfigSheet.swift; sourceTree = "<group>"; };
		020000000000000000000090 /* CommandPaletteView.swift */ = {isa = PBXFileReference; lastKnownFileType = sourcecode.swift; path = projectStats/Views/CommandPalette/CommandPaletteView.swift; sourceTree = "<group>"; };
		020000000000000000000091 /* ProBadge.swift */ = {isa = PBXFileReference; lastKnownFileType = sourcecode.swift; path = projectStats/Views/Components/ProBadge.swift; sourceTree = "<group>"; };
		020000000000000000000092 /* ClaudeUsageCard.swift */ = {isa = PBXFileReference; lastKnownFileType = sourcecode.swift; path = projectStats/Views/Dashboard/ClaudeUsageCard.swift; sourceTree = "<group>"; };
		020000000000000000000093 /* GitHubNotificationsCard.swift */ = {isa = PBXFileReference; lastKnownFileType = sourcecode.swift; path = projectStats/Views/Dashboard/GitHubNotificationsCard.swift; sourceTree = "<group>"; };
		020000000000000000000094 /* TimeTrackingCard.swift */ = {isa = PBXFileReference; lastKnownFileType = sourcecode.swift; path = projectStats/Views/Dashboard/TimeTrackingCard.swift; sourceTree = "<group>"; };
		020000000000000000000095 /* FocusModeView.swift */ = {isa = PBXFileReference; lastKnownFileType = sourcecode.swift; path = projectStats/Views/FocusMode/FocusModeView.swift; sourceTree = "<group>"; };
		020000000000000000000096 /* CommitDialog.swift */ = {isa = PBXFileReference; lastKnownFileType = sourcecode.swift; path = projectStats/Views/Git/CommitDialog.swift; sourceTree = "<group>"; };
		020000000000000000000097 /* GitControlsView.swift */ = {isa = PBXFileReference; lastKnownFileType = sourcecode.swift; path = projectStats/Views/Git/GitControlsView.swift; sourceTree = "<group>"; };
		020000000000000000000098 /* ContextUsageBar.swift */ = {isa = PBXFileReference; lastKnownFileType = sourcecode.swift; path = projectStats/Views/IDE/ContextUsageBar.swift; sourceTree = "<group>"; };
		020000000000000000000099 /* DevServerTab.swift */ = {isa = PBXFileReference; lastKnownFileType = sourcecode.swift; path = projectStats/Views/IDE/DevServerTab.swift; sourceTree = "<group>"; };
		020000000000000000000100 /* RunningServersPopover.swift */ = {isa = PBXFileReference; lastKnownFileType = sourcecode.swift; path = projectStats/Views/IDE/RunningServersPopover.swift; sourceTree = "<group>"; };
		020000000000000000000101 /* TerminalTabBar.swift */ = {isa = PBXFileReference; lastKnownFileType = sourcecode.swift; path = projectStats/Views/IDE/TerminalTabBar.swift; sourceTree = "<group>"; };
		020000000000000000000102 /* TerminalTabView.swift */ = {isa = PBXFileReference; lastKnownFileType = sourcecode.swift; path = projectStats/Views/IDE/TerminalTabView.swift; sourceTree = "<group>"; };
		020000000000000000000103 /* ScratchPadView.swift */ = {isa = PBXFileReference; lastKnownFileType = sourcecode.swift; path = projectStats/Views/Notes/ScratchPadView.swift; sourceTree = "<group>"; };
		020000000000000000000104 /* VoiceNoteView.swift */ = {isa = PBXFileReference; lastKnownFileType = sourcecode.swift; path = projectStats/Views/Notes/VoiceNoteView.swift; sourceTree = "<group>"; };
		020000000000000000000105 /* ReportGeneratorView.swift */ = {isa = PBXFileReference; lastKnownFileType = sourcecode.swift; path = projectStats/Views/Reports/ReportGeneratorView.swift; sourceTree = "<group>"; };
		020000000000000000000106 /* ReportPreviewView.swift */ = {isa = PBXFileReference; lastKnownFileType = sourcecode.swift; path = projectStats/Views/Reports/ReportPreviewView.swift; sourceTree = "<group>"; };
		020000000000000000000107 /* HygieneReportView.swift */ = {isa = PBXFileReference; lastKnownFileType = sourcecode.swift; path = projectStats/Views/Security/HygieneReportView.swift; sourceTree = "<group>"; };
		020000000000000000000108 /* SecretsWarningView.swift */ = {isa = PBXFileReference; lastKnownFileType = sourcecode.swift; path = projectStats/Views/Security/SecretsWarningView.swift; sourceTree = "<group>"; };
		020000000000000000000109 /* AISettings.swift */ = {isa = PBXFileReference; lastKnownFileType = sourcecode.swift; path = projectStats/Views/Settings/AISettings.swift; sourceTree = "<group>"; };
		020000000000000000000110 /* AccountView.swift */ = {isa = PBXFileReference; lastKnownFileType = sourcecode.swift; path = projectStats/Views/Settings/AccountView.swift; sourceTree = "<group>"; };
		020000000000000000000111 /* CloudSyncSettings.swift */ = {isa = PBXFileReference; lastKnownFileType = sourcecode.swift; path = projectStats/Views/Settings/CloudSyncSettings.swift; sourceTree = "<group>"; };
		020000000000000000000112 /* DataManagementView.swift */ = {isa = PBXFileReference; lastKnownFileType = sourcecode.swift; path = projectStats/Views/Settings/DataManagementView.swift; sourceTree = "<group>"; };
		020000000000000000000113 /* MessagingSettings.swift */ = {isa = PBXFileReference; lastKnownFileType = sourcecode.swift; path = projectStats/Views/Settings/MessagingSettings.swift; sourceTree = "<group>"; };
		020000000000000000000114 /* NotificationSettings.swift */ = {isa = PBXFileReference; lastKnownFileType = sourcecode.swift; path = projectStats/Views/Settings/NotificationSettings.swift; sourceTree = "<group>"; };
		020000000000000000000115 /* SubscriptionView.swift */ = {isa = PBXFileReference; lastKnownFileType = sourcecode.swift; path = projectStats/Views/Settings/SubscriptionView.swift; sourceTree = "<group>"; };
		020000000000000000000116 /* NewProjectWizard.swift */ = {isa = PBXFileReference; lastKnownFileType = sourcecode.swift; path = projectStats/Views/Templates/NewProjectWizard.swift; sourceTree = "<group>"; };
		020000000000000000000117 /* AchievementsSheet.swift */ = {isa = PBXFileReference; lastKnownFileType = sourcecode.swift; path = projectStats/Views/Achievements/AchievementsSheet.swift; sourceTree = "<group>"; };
		020000000000000000000118 /* SavedPrompt.swift */ = {isa = PBXFileReference; lastKnownFileType = sourcecode.swift; path = projectStats/Models/SavedPrompt.swift; sourceTree = "<group>"; };
		020000000000000000000119 /* PromptImportService.swift */ = {isa = PBXFileReference; lastKnownFileType = sourcecode.swift; path = PromptImportService.swift; sourceTree = "<group>"; };
		020000000000000000000120 /* SavedDiff.swift */ = {isa = PBXFileReference; lastKnownFileType = sourcecode.swift; path = projectStats/Models/SavedDiff.swift; sourceTree = "<group>"; };
		020000000000000000000121 /* DiffManagerView.swift */ = {isa = PBXFileReference; lastKnownFileType = sourcecode.swift; path = projectStats/Views/IDE/DiffManagerView.swift; sourceTree = "<group>"; };
		020000000000000000000122 /* DataCleanupService.swift */ = {isa = PBXFileReference; lastKnownFileType = sourcecode.swift; path = projectStats/Services/DataCleanupService.swift; sourceTree = "<group>"; };
		020000000000000000000123 /* ClaudeUsageSnapshot.swift */ = {isa = PBXFileReference; lastKnownFileType = sourcecode.swift; path = projectStats/Models/ClaudeUsageSnapshot.swift; sourceTree = "<group>"; };
		020000000000000000000124 /* ClaudeUsageService.swift */ = {isa = PBXFileReference; lastKnownFileType = sourcecode.swift; path = projectStats/Services/ClaudeUsageService.swift; sourceTree = "<group>"; };
		020000000000000000000125 /* ClaudeTokenUsageCard.swift */ = {isa = PBXFileReference; lastKnownFileType = sourcecode.swift; path = projectStats/Views/Dashboard/ClaudeTokenUsageCard.swift; sourceTree = "<group>"; };
		020000000000000000000126 /* BackupService.swift */ = {isa = PBXFileReference; lastKnownFileType = sourcecode.swift; path = BackupService.swift; sourceTree = "<group>"; };
		020000000000000000000127 /* SecretsWarningSheet.swift */ = {isa = PBXFileReference; lastKnownFileType = sourcecode.swift; path = projectStats/Views/Git/SecretsWarningSheet.swift; sourceTree = "<group>"; };
		020000000000000000000128 /* BranchService.swift */ = {isa = PBXFileReference; lastKnownFileType = sourcecode.swift; path = BranchService.swift; sourceTree = "<group>"; };
		020000000000000000000129 /* CreateBranchSheet.swift */ = {isa = PBXFileReference; lastKnownFileType = sourcecode.swift; path = projectStats/Views/Git/CreateBranchSheet.swift; sourceTree = "<group>"; };
		020000000000000000000130 /* ClaudePlanUsageSnapshot.swift */ = {isa = PBXFileReference; lastKnownFileType = sourcecode.swift; path = projectStats/Models/ClaudePlanUsageSnapshot.swift; sourceTree = "<group>"; };
		020000000000000000000131 /* ClaudeUsageSettingsView.swift */ = {isa = PBXFileReference; lastKnownFileType = sourcecode.swift; path = projectStats/Views/Settings/ClaudeUsageSettingsView.swift; sourceTree = "<group>"; };
		020000000000000000000132 /* TTSService.swift */ = {isa = PBXFileReference; lastKnownFileType = sourcecode.swift; path = projectStats/Services/TTSService.swift; sourceTree = "<group>"; };
		020000000000000000000133 /* ListenButton.swift */ = {isa = PBXFileReference; lastKnownFileType = sourcecode.swift; path = projectStats/Views/Components/ListenButton.swift; sourceTree = "<group>"; };
		020000000000000000000134 /* ProjectArchiveService.swift */ = {isa = PBXFileReference; lastKnownFileType = sourcecode.swift; path = projectStats/Services/ProjectArchiveService.swift; sourceTree = "<group>"; };
		020000000000000000000135 /* SessionSummaryService.swift */ = {isa = PBXFileReference; lastKnownFileType = sourcecode.swift; path = projectStats/Services/SessionSummaryService.swift; sourceTree = "<group>"; };
		020000000000000000000136 /* SessionSummaryView.swift */ = {isa = PBXFileReference; lastKnownFileType = sourcecode.swift; path = projectStats/Views/Dashboard/SessionSummaryView.swift; sourceTree = "<group>"; };
		020000000000000000000137 /* DBv2Models.swift */ = {isa = PBXFileReference; lastKnownFileType = sourcecode.swift; path = projectStats/Models/DBv2Models.swift; sourceTree = "<group>"; };
		020000000000000000000138 /* DBv2MigrationService.swift */ = {isa = PBXFileReference; lastKnownFileType = sourcecode.swift; path = projectStats/Services/DBv2MigrationService.swift; sourceTree = "<group>"; };
/* End PBXFileReference section */

/* Begin PBXFrameworksBuildPhase section */
		040000000000000000000001 /* Frameworks */ = {
			isa = PBXFrameworksBuildPhase;
			buildActionMask = 2147483647;
			files = (
				010000000000000000000048 /* SwiftTerm in Frameworks */,
			);
			runOnlyForDeploymentPostprocessing = 0;
		};
/* End PBXFrameworksBuildPhase section */

/* Begin PBXGroup section */
		050000000000000000000001 = {
			isa = PBXGroup;
			children = (
				050000000000000000000002 /* projectStats */,
				050000000000000000000003 /* Products */,
			);
			sourceTree = "<group>";
		};
		050000000000000000000002 /* projectStats */ = {
			isa = PBXGroup;
			children = (
				050000000000000000000004 /* App */,
				050000000000000000000005 /* Views */,
				050000000000000000000006 /* ViewModels */,
				050000000000000000000007 /* Models */,
				050000000000000000000008 /* Services */,
				050000000000000000000009 /* Utilities */,
				050000000000000000000010 /* Resources */,
				030000000000000000000002 /* projectStats.entitlements */,
			);
			path = projectStats;
			sourceTree = "<group>";
		};
		050000000000000000000003 /* Products */ = {
			isa = PBXGroup;
			children = (
				030000000000000000000001 /* projectStats.app */,
			);
			name = Products;
			sourceTree = "<group>";
		};
		050000000000000000000004 /* App */ = {
			isa = PBXGroup;
			children = (
				020000000000000000000001 /* ProjectStatsApp.swift */,
			);
			path = App;
			sourceTree = "<group>";
		};
		050000000000000000000005 /* Views */ = {
			isa = PBXGroup;
			children = (
				050000000000000000000011 /* MenuBar */,
				050000000000000000000012 /* Dashboard */,
				050000000000000000000013 /* Projects */,
				050000000000000000000014 /* Settings */,
				050000000000000000000015 /* IDE */,
				050000000000000000000016 /* TabBar */,
			);
			path = Views;
			sourceTree = "<group>";
		};
		050000000000000000000006 /* ViewModels */ = {
			isa = PBXGroup;
			children = (
				020000000000000000000014 /* DashboardViewModel.swift */,
				020000000000000000000015 /* ProjectListViewModel.swift */,
				020000000000000000000016 /* SettingsViewModel.swift */,
				020000000000000000000052 /* EnvironmentViewModel.swift */,
				020000000000000000000041 /* TabManagerViewModel.swift */,
			);
			path = ViewModels;
			sourceTree = "<group>";
		};
		050000000000000000000007 /* Models */ = {
			isa = PBXGroup;
			children = (
				020000000000000000000034 /* GitRepoInfo.swift */,
				020000000000000000000006 /* Project.swift */,
				020000000000000000000049 /* EnvironmentVariable.swift */,
				020000000000000000000007 /* Commit.swift */,
				020000000000000000000008 /* ActivityStats.swift */,
				020000000000000000000009 /* CachedModels.swift */,
				020000000000000000000036 /* ProjectGroup.swift */,
				020000000000000000000040 /* AppTab.swift */,
			);
			path = Models;
			sourceTree = "<group>";
		};
		050000000000000000000008 /* Services */ = {
			isa = PBXGroup;
			children = (
				020000000000000000000126 /* BackupService.swift */,
				020000000000000000000128 /* BranchService.swift */,
				020000000000000000000039 /* DataMigrationService.swift */,
				020000000000000000000051 /* EnvFileService.swift */,
				020000000000000000000035 /* GitRepoService.swift */,
				020000000000000000000010 /* GitService.swift */,
				020000000000000000000050 /* KeychainService.swift */,
				020000000000000000000038 /* JSONStatsReader.swift */,
				020000000000000000000011 /* LineCounter.swift */,
				020000000000000000000012 /* ProjectScanner.swift */,
				020000000000000000000119 /* PromptImportService.swift */,
				020000000000000000000055 /* TerminalOutputMonitor.swift */,
				020000000000000000000013 /* GitHubClient.swift */,
			);
			path = Services;
			sourceTree = "<group>";
		};
		050000000000000000000009 /* Utilities */ = {
			isa = PBXGroup;
			children = (
				020000000000000000000002 /* Shell.swift */,
				020000000000000000000003 /* DateExtensions.swift */,
				020000000000000000000056 /* StringExtensions.swift */,
				020000000000000000000004 /* URLExtensions.swift */,
				020000000000000000000005 /* ReadmeParser.swift */,
			);
			path = Utilities;
			sourceTree = "<group>";
		};
		050000000000000000000010 /* Resources */ = {
			isa = PBXGroup;
			children = (
				020000000000000000000028 /* Assets.xcassets */,
			);
			path = Resources;
			sourceTree = "<group>";
		};
		050000000000000000000011 /* MenuBar */ = {
			isa = PBXGroup;
			children = (
				020000000000000000000017 /* MenuBarView.swift */,
				020000000000000000000018 /* QuickProjectRow.swift */,
			);
			path = MenuBar;
			sourceTree = "<group>";
		};
		050000000000000000000012 /* Dashboard */ = {
			isa = PBXGroup;
			children = (
				020000000000000000000019 /* DashboardView.swift */,
				020000000000000000000020 /* StatsCardsView.swift */,
				020000000000000000000021 /* ActivityHeatMap.swift */,
				020000000000000000000022 /* ActivityChart.swift */,
			);
			path = Dashboard;
			sourceTree = "<group>";
		};
		050000000000000000000013 /* Projects */ = {
			isa = PBXGroup;
			children = (
				020000000000000000000023 /* ProjectListView.swift */,
				020000000000000000000024 /* ProjectRowView.swift */,
				020000000000000000000025 /* ProjectDetailView.swift */,
				020000000000000000000026 /* ReadmePreview.swift */,
				020000000000000000000037 /* ProjectGroupSheet.swift */,
			);
			path = Projects;
			sourceTree = "<group>";
		};
		050000000000000000000014 /* Settings */ = {
			isa = PBXGroup;
			children = (
				020000000000000000000027 /* SettingsView.swift */,
				020000000000000000000033 /* SyncLogView.swift */,
			);
			path = Settings;
			sourceTree = "<group>";
		};
		050000000000000000000015 /* IDE */ = {
			isa = PBXGroup;
			children = (
				020000000000000000000053 /* EnvironmentManagerView.swift */,
				020000000000000000000054 /* EnvironmentVariableRow.swift */,
				020000000000000000000029 /* FileBrowserView.swift */,
				020000000000000000000030 /* FileViewerView.swift */,
				020000000000000000000031 /* PromptManagerView.swift */,
				020000000000000000000032 /* IDEModeView.swift */,
				020000000000000000000047 /* TerminalPanelView.swift */,
			);
			path = IDE;
			sourceTree = "<group>";
		};
		050000000000000000000016 /* TabBar */ = {
			isa = PBXGroup;
			children = (
				020000000000000000000042 /* TabBarView.swift */,
				020000000000000000000043 /* ProjectPickerView.swift */,
				020000000000000000000044 /* HomeView.swift */,
				020000000000000000000045 /* WorkspaceView.swift */,
				020000000000000000000046 /* TabShellView.swift */,
			);
			path = TabBar;
			sourceTree = "<group>";
		};
/* End PBXGroup section */

/* Begin PBXNativeTarget section */
		060000000000000000000001 /* projectStats */ = {
			isa = PBXNativeTarget;
			buildConfigurationList = 070000000000000000000001 /* Build configuration list for PBXNativeTarget "projectStats" */;
			buildPhases = (
				080000000000000000000001 /* Sources */,
				040000000000000000000001 /* Frameworks */,
				090000000000000000000001 /* Resources */,
			);
			buildRules = (
			);
			dependencies = (
			);
			packageProductDependencies = (
				0C0000000000000000000001 /* SwiftTerm */,
			);
			name = projectStats;
			productName = projectStats;
			productReference = 030000000000000000000001 /* projectStats.app */;
			productType = "com.apple.product-type.application";
		};
/* End PBXNativeTarget section */

/* Begin PBXProject section */
		100000000000000000000001 /* Project object */ = {
			isa = PBXProject;
			attributes = {
				BuildIndependentTargetsInParallel = 1;
				LastSwiftUpdateCheck = 1500;
				LastUpgradeCheck = 2610;
				TargetAttributes = {
					060000000000000000000001 = {
						CreatedOnToolsVersion = 15.0;
					};
				};
			};
			buildConfigurationList = 070000000000000000000002 /* Build configuration list for PBXProject "projectStats" */;
			compatibilityVersion = "Xcode 14.0";
			developmentRegion = en;
			hasScannedForEncodings = 0;
			knownRegions = (
				en,
				Base,
			);
			mainGroup = 050000000000000000000001;
			packageReferences = (
				0B0000000000000000000001 /* SwiftTerm */,
			);
			productRefGroup = 050000000000000000000003 /* Products */;
			projectDirPath = "";
			projectRoot = "";
			targets = (
				060000000000000000000001 /* projectStats */,
			);
		};
/* End PBXProject section */

/* Begin PBXResourcesBuildPhase section */
		090000000000000000000001 /* Resources */ = {
			isa = PBXResourcesBuildPhase;
			buildActionMask = 2147483647;
			files = (
				010000000000000000000028 /* Assets.xcassets in Resources */,
			);
			runOnlyForDeploymentPostprocessing = 0;
		};
/* End PBXResourcesBuildPhase section */

/* Begin PBXSourcesBuildPhase section */
		080000000000000000000001 /* Sources */ = {
			isa = PBXSourcesBuildPhase;
			buildActionMask = 2147483647;
			files = (
				010000000000000000000001 /* ProjectStatsApp.swift in Sources */,
				010000000000000000000002 /* Shell.swift in Sources */,
				010000000000000000000003 /* DateExtensions.swift in Sources */,
				010000000000000000000004 /* URLExtensions.swift in Sources */,
				010000000000000000000005 /* ReadmeParser.swift in Sources */,
				010000000000000000000006 /* Project.swift in Sources */,
				010000000000000000000007 /* Commit.swift in Sources */,
				010000000000000000000008 /* ActivityStats.swift in Sources */,
				010000000000000000000009 /* CachedModels.swift in Sources */,
				010000000000000000000010 /* GitService.swift in Sources */,
				010000000000000000000011 /* LineCounter.swift in Sources */,
				010000000000000000000012 /* ProjectScanner.swift in Sources */,
				010000000000000000000013 /* GitHubClient.swift in Sources */,
				010000000000000000000014 /* DashboardViewModel.swift in Sources */,
				010000000000000000000015 /* ProjectListViewModel.swift in Sources */,
				010000000000000000000016 /* SettingsViewModel.swift in Sources */,
				010000000000000000000017 /* MenuBarView.swift in Sources */,
				010000000000000000000018 /* QuickProjectRow.swift in Sources */,
				010000000000000000000019 /* DashboardView.swift in Sources */,
				010000000000000000000020 /* StatsCardsView.swift in Sources */,
				010000000000000000000021 /* ActivityHeatMap.swift in Sources */,
				010000000000000000000022 /* ActivityChart.swift in Sources */,
				010000000000000000000023 /* ProjectListView.swift in Sources */,
				010000000000000000000024 /* ProjectRowView.swift in Sources */,
				010000000000000000000025 /* ProjectDetailView.swift in Sources */,
				010000000000000000000026 /* ReadmePreview.swift in Sources */,
				010000000000000000000027 /* SettingsView.swift in Sources */,
				010000000000000000000029 /* FileBrowserView.swift in Sources */,
				010000000000000000000030 /* FileViewerView.swift in Sources */,
				010000000000000000000031 /* PromptManagerView.swift in Sources */,
				010000000000000000000032 /* IDEModeView.swift in Sources */,
				010000000000000000000033 /* SyncLogView.swift in Sources */,
				010000000000000000000034 /* GitRepoInfo.swift in Sources */,
				010000000000000000000035 /* GitRepoService.swift in Sources */,
				010000000000000000000036 /* ProjectGroup.swift in Sources */,
				010000000000000000000037 /* ProjectGroupSheet.swift in Sources */,
				010000000000000000000038 /* JSONStatsReader.swift in Sources */,
				010000000000000000000039 /* DataMigrationService.swift in Sources */,
				010000000000000000000040 /* AppTab.swift in Sources */,
				010000000000000000000041 /* TabManagerViewModel.swift in Sources */,
				010000000000000000000042 /* TabBarView.swift in Sources */,
				010000000000000000000043 /* ProjectPickerView.swift in Sources */,
				010000000000000000000044 /* HomeView.swift in Sources */,
				010000000000000000000045 /* WorkspaceView.swift in Sources */,
				010000000000000000000046 /* TabShellView.swift in Sources */,
				010000000000000000000047 /* TerminalPanelView.swift in Sources */,
				010000000000000000000049 /* EnvironmentVariable.swift in Sources */,
				010000000000000000000050 /* KeychainService.swift in Sources */,
				010000000000000000000051 /* EnvFileService.swift in Sources */,
				010000000000000000000052 /* EnvironmentViewModel.swift in Sources */,
				010000000000000000000053 /* EnvironmentManagerView.swift in Sources */,
				010000000000000000000054 /* EnvironmentVariableRow.swift in Sources */,
				010000000000000000000055 /* TerminalOutputMonitor.swift in Sources */,
				010000000000000000000056 /* StringExtensions.swift in Sources */,
				010000000000000000000057 /* Achievement.swift in Sources */,
				010000000000000000000058 /* ChatMessage.swift in Sources */,
				010000000000000000000059 /* ProjectNote.swift in Sources */,
				010000000000000000000060 /* ProjectTemplate.swift in Sources */,
				010000000000000000000061 /* SecretMatch.swift in Sources */,
				010000000000000000000062 /* TimeEntry.swift in Sources */,
				010000000000000000000063 /* AIService.swift in Sources */,
				010000000000000000000064 /* AchievementService.swift in Sources */,
				010000000000000000000065 /* ClaudeContextMonitor.swift in Sources */,
				010000000000000000000066 /* ClaudePlanUsageService.swift in Sources */,
				010000000000000000000067 /* CloudSyncService.swift in Sources */,
				010000000000000000000068 /* CodeVectorDB.swift in Sources */,
				010000000000000000000069 /* DiscordProvider.swift in Sources */,
				010000000000000000000070 /* ErrorDetector.swift in Sources */,
				010000000000000000000071 /* FeatureFlags.swift in Sources */,
				010000000000000000000072 /* GitHubService.swift in Sources */,
				010000000000000000000073 /* MessagingService.swift in Sources */,
				010000000000000000000074 /* NotificationService.swift in Sources */,
				010000000000000000000075 /* NtfyProvider.swift in Sources */,
				010000000000000000000076 /* ReportGenerator.swift in Sources */,
				010000000000000000000077 /* SecretsScanner.swift in Sources */,
				010000000000000000000078 /* SlackProvider.swift in Sources */,
				010000000000000000000079 /* StoreKitManager.swift in Sources */,
				010000000000000000000080 /* TelegramProvider.swift in Sources */,
				010000000000000000000081 /* TimeTrackingService.swift in Sources */,
				010000000000000000000082 /* VoiceNoteRecorder.swift in Sources */,
				010000000000000000000083 /* NotificationNames.swift in Sources */,
				010000000000000000000084 /* GitControlsViewModel.swift in Sources */,
				010000000000000000000085 /* TerminalTabsViewModel.swift in Sources */,
				010000000000000000000086 /* AchievementBanner.swift in Sources */,
				010000000000000000000087 /* AchievementsDashboard.swift in Sources */,
				010000000000000000000088 /* ShareCardView.swift in Sources */,
				010000000000000000000089 /* ClaudeConfigSheet.swift in Sources */,
				010000000000000000000090 /* CommandPaletteView.swift in Sources */,
				010000000000000000000091 /* ProBadge.swift in Sources */,
				010000000000000000000092 /* ClaudeUsageCard.swift in Sources */,
				010000000000000000000093 /* GitHubNotificationsCard.swift in Sources */,
				010000000000000000000094 /* TimeTrackingCard.swift in Sources */,
				010000000000000000000095 /* FocusModeView.swift in Sources */,
				010000000000000000000096 /* CommitDialog.swift in Sources */,
				010000000000000000000097 /* GitControlsView.swift in Sources */,
				010000000000000000000098 /* ContextUsageBar.swift in Sources */,
				010000000000000000000099 /* DevServerTab.swift in Sources */,
				010000000000000000000100 /* RunningServersPopover.swift in Sources */,
				010000000000000000000101 /* TerminalTabBar.swift in Sources */,
				010000000000000000000102 /* TerminalTabView.swift in Sources */,
				010000000000000000000103 /* ScratchPadView.swift in Sources */,
				010000000000000000000104 /* VoiceNoteView.swift in Sources */,
				010000000000000000000105 /* ReportGeneratorView.swift in Sources */,
				010000000000000000000106 /* ReportPreviewView.swift in Sources */,
				010000000000000000000107 /* HygieneReportView.swift in Sources */,
				010000000000000000000108 /* SecretsWarningView.swift in Sources */,
				010000000000000000000109 /* AISettings.swift in Sources */,
				010000000000000000000110 /* AccountView.swift in Sources */,
				010000000000000000000111 /* CloudSyncSettings.swift in Sources */,
				010000000000000000000112 /* DataManagementView.swift in Sources */,
				010000000000000000000113 /* MessagingSettings.swift in Sources */,
				010000000000000000000114 /* NotificationSettings.swift in Sources */,
				010000000000000000000115 /* SubscriptionView.swift in Sources */,
				010000000000000000000116 /* NewProjectWizard.swift in Sources */,
				010000000000000000000117 /* AchievementsSheet.swift in Sources */,
				010000000000000000000118 /* SavedPrompt.swift in Sources */,
				010000000000000000000119 /* PromptImportService.swift in Sources */,
				010000000000000000000120 /* SavedDiff.swift in Sources */,
				010000000000000000000121 /* DiffManagerView.swift in Sources */,
				010000000000000000000122 /* DataCleanupService.swift in Sources */,
				010000000000000000000123 /* ClaudeUsageSnapshot.swift in Sources */,
				010000000000000000000124 /* ClaudeUsageService.swift in Sources */,
				010000000000000000000125 /* ClaudeTokenUsageCard.swift in Sources */,
				010000000000000000000126 /* BackupService.swift in Sources */,
				010000000000000000000127 /* SecretsWarningSheet.swift in Sources */,
				010000000000000000000128 /* BranchService.swift in Sources */,
				010000000000000000000129 /* CreateBranchSheet.swift in Sources */,
				010000000000000000000130 /* ClaudePlanUsageSnapshot.swift in Sources */,
				010000000000000000000131 /* ClaudeUsageSettingsView.swift in Sources */,
				010000000000000000000132 /* TTSService.swift in Sources */,
				010000000000000000000133 /* ListenButton.swift in Sources */,
				010000000000000000000134 /* ProjectArchiveService.swift in Sources */,
				010000000000000000000135 /* SessionSummaryService.swift in Sources */,
				010000000000000000000136 /* SessionSummaryView.swift in Sources */,
				010000000000000000000137 /* DBv2Models.swift in Sources */,
				010000000000000000000138 /* DBv2MigrationService.swift in Sources */,
			);
			runOnlyForDeploymentPostprocessing = 0;
		};
/* End PBXSourcesBuildPhase section */

/* Begin XCBuildConfiguration section */
		110000000000000000000001 /* Debug */ = {
			isa = XCBuildConfiguration;
			buildSettings = {
				ALWAYS_SEARCH_USER_PATHS = NO;
				ASSETCATALOG_COMPILER_GENERATE_SWIFT_ASSET_SYMBOL_EXTENSIONS = YES;
				CLANG_ANALYZER_NONNULL = YES;
				CLANG_ANALYZER_NUMBER_OBJECT_CONVERSION = YES_AGGRESSIVE;
				CLANG_CXX_LANGUAGE_STANDARD = "gnu++20";
				CLANG_ENABLE_MODULES = YES;
				CLANG_ENABLE_OBJC_ARC = YES;
				CLANG_ENABLE_OBJC_WEAK = YES;
				CLANG_WARN_BLOCK_CAPTURE_AUTORELEASING = YES;
				CLANG_WARN_BOOL_CONVERSION = YES;
				CLANG_WARN_COMMA = YES;
				CLANG_WARN_CONSTANT_CONVERSION = YES;
				CLANG_WARN_DEPRECATED_OBJC_IMPLEMENTATIONS = YES;
				CLANG_WARN_DIRECT_OBJC_ISA_USAGE = YES_ERROR;
				CLANG_WARN_DOCUMENTATION_COMMENTS = YES;
				CLANG_WARN_EMPTY_BODY = YES;
				CLANG_WARN_ENUM_CONVERSION = YES;
				CLANG_WARN_INFINITE_RECURSION = YES;
				CLANG_WARN_INT_CONVERSION = YES;
				CLANG_WARN_NON_LITERAL_NULL_CONVERSION = YES;
				CLANG_WARN_OBJC_IMPLICIT_RETAIN_SELF = YES;
				CLANG_WARN_OBJC_LITERAL_CONVERSION = YES;
				CLANG_WARN_OBJC_ROOT_CLASS = YES_ERROR;
				CLANG_WARN_QUOTED_INCLUDE_IN_FRAMEWORK_HEADER = YES;
				CLANG_WARN_RANGE_LOOP_ANALYSIS = YES;
				CLANG_WARN_STRICT_PROTOTYPES = YES;
				CLANG_WARN_SUSPICIOUS_MOVE = YES;
				CLANG_WARN_UNGUARDED_AVAILABILITY = YES_AGGRESSIVE;
				CLANG_WARN_UNREACHABLE_CODE = YES;
				CLANG_WARN__DUPLICATE_METHOD_MATCH = YES;
				COPY_PHASE_STRIP = NO;
				DEAD_CODE_STRIPPING = YES;
				DEBUG_INFORMATION_FORMAT = dwarf;
				ENABLE_STRICT_OBJC_MSGSEND = YES;
				ENABLE_TESTABILITY = YES;
				ENABLE_USER_SCRIPT_SANDBOXING = YES;
				GCC_C_LANGUAGE_STANDARD = gnu17;
				GCC_DYNAMIC_NO_PIC = NO;
				GCC_NO_COMMON_BLOCKS = YES;
				GCC_OPTIMIZATION_LEVEL = 0;
				GCC_PREPROCESSOR_DEFINITIONS = (
					"DEBUG=1",
					"$(inherited)",
				);
				GCC_WARN_64_TO_32_BIT_CONVERSION = YES;
				GCC_WARN_ABOUT_RETURN_TYPE = YES_ERROR;
				GCC_WARN_UNDECLARED_SELECTOR = YES;
				GCC_WARN_UNINITIALIZED_AUTOS = YES_AGGRESSIVE;
				GCC_WARN_UNUSED_FUNCTION = YES;
				GCC_WARN_UNUSED_VARIABLE = YES;
				LOCALIZATION_PREFERS_STRING_CATALOGS = YES;
				MACOSX_DEPLOYMENT_TARGET = 14.0;
				MTL_ENABLE_DEBUG_INFO = INCLUDE_SOURCE;
				MTL_FAST_MATH = YES;
				ONLY_ACTIVE_ARCH = YES;
				SDKROOT = macosx;
				STRING_CATALOG_GENERATE_SYMBOLS = YES;
				SWIFT_ACTIVE_COMPILATION_CONDITIONS = "DEBUG $(inherited)";
				SWIFT_OPTIMIZATION_LEVEL = "-Onone";
			};
			name = Debug;
		};
		110000000000000000000002 /* Release */ = {
			isa = XCBuildConfiguration;
			buildSettings = {
				ALWAYS_SEARCH_USER_PATHS = NO;
				ASSETCATALOG_COMPILER_GENERATE_SWIFT_ASSET_SYMBOL_EXTENSIONS = YES;
				CLANG_ANALYZER_NONNULL = YES;
				CLANG_ANALYZER_NUMBER_OBJECT_CONVERSION = YES_AGGRESSIVE;
				CLANG_CXX_LANGUAGE_STANDARD = "gnu++20";
				CLANG_ENABLE_MODULES = YES;
				CLANG_ENABLE_OBJC_ARC = YES;
				CLANG_ENABLE_OBJC_WEAK = YES;
				CLANG_WARN_BLOCK_CAPTURE_AUTORELEASING = YES;
				CLANG_WARN_BOOL_CONVERSION = YES;
				CLANG_WARN_COMMA = YES;
				CLANG_WARN_CONSTANT_CONVERSION = YES;
				CLANG_WARN_DEPRECATED_OBJC_IMPLEMENTATIONS = YES;
				CLANG_WARN_DIRECT_OBJC_ISA_USAGE = YES_ERROR;
				CLANG_WARN_DOCUMENTATION_COMMENTS = YES;
				CLANG_WARN_EMPTY_BODY = YES;
				CLANG_WARN_ENUM_CONVERSION = YES;
				CLANG_WARN_INFINITE_RECURSION = YES;
				CLANG_WARN_INT_CONVERSION = YES;
				CLANG_WARN_NON_LITERAL_NULL_CONVERSION = YES;
				CLANG_WARN_OBJC_IMPLICIT_RETAIN_SELF = YES;
				CLANG_WARN_OBJC_LITERAL_CONVERSION = YES;
				CLANG_WARN_OBJC_ROOT_CLASS = YES_ERROR;
				CLANG_WARN_QUOTED_INCLUDE_IN_FRAMEWORK_HEADER = YES;
				CLANG_WARN_RANGE_LOOP_ANALYSIS = YES;
				CLANG_WARN_STRICT_PROTOTYPES = YES;
				CLANG_WARN_SUSPICIOUS_MOVE = YES;
				CLANG_WARN_UNGUARDED_AVAILABILITY = YES_AGGRESSIVE;
				CLANG_WARN_UNREACHABLE_CODE = YES;
				CLANG_WARN__DUPLICATE_METHOD_MATCH = YES;
				COPY_PHASE_STRIP = NO;
				DEAD_CODE_STRIPPING = YES;
				DEBUG_INFORMATION_FORMAT = "dwarf-with-dsym";
				ENABLE_NS_ASSERTIONS = NO;
				ENABLE_STRICT_OBJC_MSGSEND = YES;
				ENABLE_USER_SCRIPT_SANDBOXING = YES;
				GCC_C_LANGUAGE_STANDARD = gnu17;
				GCC_NO_COMMON_BLOCKS = YES;
				GCC_WARN_64_TO_32_BIT_CONVERSION = YES;
				GCC_WARN_ABOUT_RETURN_TYPE = YES_ERROR;
				GCC_WARN_UNDECLARED_SELECTOR = YES;
				GCC_WARN_UNINITIALIZED_AUTOS = YES_AGGRESSIVE;
				GCC_WARN_UNUSED_FUNCTION = YES;
				GCC_WARN_UNUSED_VARIABLE = YES;
				LOCALIZATION_PREFERS_STRING_CATALOGS = YES;
				MACOSX_DEPLOYMENT_TARGET = 14.0;
				MTL_ENABLE_DEBUG_INFO = NO;
				MTL_FAST_MATH = YES;
				SDKROOT = macosx;
				STRING_CATALOG_GENERATE_SYMBOLS = YES;
				SWIFT_COMPILATION_MODE = wholemodule;
			};
			name = Release;
		};
		110000000000000000000003 /* Debug */ = {
			isa = XCBuildConfiguration;
			buildSettings = {
				ASSETCATALOG_COMPILER_APPICON_NAME = AppIcon;
				ASSETCATALOG_COMPILER_GLOBAL_ACCENT_COLOR_NAME = AccentColor;
				CODE_SIGN_ENTITLEMENTS = projectStats/projectStats.entitlements;
				CODE_SIGN_STYLE = Automatic;
				COMBINE_HIDPI_IMAGES = YES;
				CURRENT_PROJECT_VERSION = 1;
				DEAD_CODE_STRIPPING = YES;
				DEVELOPMENT_ASSET_PATHS = "";
				ENABLE_APP_SANDBOX = NO;
				ENABLE_HARDENED_RUNTIME = YES;
				ENABLE_PREVIEWS = YES;
				GENERATE_INFOPLIST_FILE = YES;
				INFOPLIST_KEY_CFBundleDisplayName = ProjectStats;
				INFOPLIST_KEY_LSApplicationCategoryType = "public.app-category.developer-tools";
				INFOPLIST_KEY_LSUIElement = YES;
				INFOPLIST_KEY_NSHumanReadableCopyright = "";
				LD_RUNPATH_SEARCH_PATHS = (
					"$(inherited)",
					"@executable_path/../Frameworks",
				);
				MARKETING_VERSION = 1.0;
				PRODUCT_BUNDLE_IDENTIFIER = com.calebbelshe.projectStats;
				PRODUCT_NAME = "$(TARGET_NAME)";
				SWIFT_EMIT_LOC_STRINGS = YES;
				SWIFT_VERSION = 5.0;
			};
			name = Debug;
		};
		110000000000000000000004 /* Release */ = {
			isa = XCBuildConfiguration;
			buildSettings = {
				ASSETCATALOG_COMPILER_APPICON_NAME = AppIcon;
				ASSETCATALOG_COMPILER_GLOBAL_ACCENT_COLOR_NAME = AccentColor;
				CODE_SIGN_ENTITLEMENTS = projectStats/projectStats.entitlements;
				CODE_SIGN_STYLE = Automatic;
				COMBINE_HIDPI_IMAGES = YES;
				CURRENT_PROJECT_VERSION = 1;
				DEAD_CODE_STRIPPING = YES;
				DEVELOPMENT_ASSET_PATHS = "";
				ENABLE_APP_SANDBOX = NO;
				ENABLE_HARDENED_RUNTIME = YES;
				ENABLE_PREVIEWS = YES;
				GENERATE_INFOPLIST_FILE = YES;
				INFOPLIST_KEY_CFBundleDisplayName = ProjectStats;
				INFOPLIST_KEY_LSApplicationCategoryType = "public.app-category.developer-tools";
				INFOPLIST_KEY_LSUIElement = YES;
				INFOPLIST_KEY_NSHumanReadableCopyright = "";
				LD_RUNPATH_SEARCH_PATHS = (
					"$(inherited)",
					"@executable_path/../Frameworks",
				);
				MARKETING_VERSION = 1.0;
				PRODUCT_BUNDLE_IDENTIFIER = com.calebbelshe.projectStats;
				PRODUCT_NAME = "$(TARGET_NAME)";
				SWIFT_EMIT_LOC_STRINGS = YES;
				SWIFT_VERSION = 5.0;
			};
			name = Release;
		};
/* End XCBuildConfiguration section */

/* Begin XCRemoteSwiftPackageReference section */
		0B0000000000000000000001 /* SwiftTerm */ = {
			isa = XCRemoteSwiftPackageReference;
			repositoryURL = "https://github.com/migueldeicaza/SwiftTerm.git";
			requirement = {
				kind = upToNextMajorVersion;
				minimumVersion = 1.9.0;
			};
		};
/* End XCRemoteSwiftPackageReference section */

/* Begin XCSwiftPackageProductDependency section */
		0C0000000000000000000001 /* SwiftTerm */ = {
			isa = XCSwiftPackageProductDependency;
			package = 0B0000000000000000000001 /* SwiftTerm */;
			productName = SwiftTerm;
		};
/* End XCSwiftPackageProductDependency section */

/* Begin XCConfigurationList section */
		070000000000000000000001 /* Build configuration list for PBXNativeTarget "projectStats" */ = {
			isa = XCConfigurationList;
			buildConfigurations = (
				110000000000000000000003 /* Debug */,
				110000000000000000000004 /* Release */,
			);
			defaultConfigurationIsVisible = 0;
			defaultConfigurationName = Release;
		};
		070000000000000000000002 /* Build configuration list for PBXProject "projectStats" */ = {
			isa = XCConfigurationList;
			buildConfigurations = (
				110000000000000000000001 /* Debug */,
				110000000000000000000002 /* Release */,
			);
			defaultConfigurationIsVisible = 0;
			defaultConfigurationName = Release;
		};
/* End XCConfigurationList section */
	};
	rootObject = 100000000000000000000001 /* Project object */;
}
